
Microsoft Visual Studio Solution File, Format Version 12.00
# Visual Studio Version 16
VisualStudioVersion = 16.0.28803.916
MinimumVisualStudioVersion = 10.0.40219.1
Project("{FAE04EC0-301F-11D3-BF4B-00C04F79EFBC}") = "PMenu", "PMenu\PMenu.csproj", "{910F85A6-79EB-442B-B83E-837E1F41C336}"
EndProject
Global
	GlobalSection(SolutionConfigurationPlatforms) = preSolution
		Debug|Any CPU = Debug|Any CPU
		Release|Any CPU = Release|Any CPU
	EndGlobalSection
	GlobalSection(ProjectConfigurationPlatforms) = postSolution
		{910F85A6-79EB-442B-B83E-837E1F41C336}.Debug|Any CPU.ActiveCfg = Debug|Any CPU
		{910F85A6-79EB-442B-B83E-837E1F41C336}.Debug|Any CPU.Build.0 = Debug|Any CPU
		{910F85A6-79EB-442B-B83E-837E1F41C336}.Release|Any CPU.ActiveCfg = Release|Any CPU
		{910F85A6-79EB-442B-B83E-837E1F41C336}.Release|Any CPU.Build.0 = Release|Any CPU
	EndGlobalSection
	GlobalSection(SolutionProperties) = preSolution
		HideSolutionNode = FALSE
	EndGlobalSection
	GlobalSection(ExtensibilityGlobals) = postSolution
		SolutionGuid = {AFD7C543-419E-4EEE-AB06-9234152A8556}
	EndGlobalSection
EndGlobal
