
Microsoft Visual Studio Solution File, Format Version 12.00
# Visual Studio Version 16
VisualStudioVersion = 16.0.28803.916
MinimumVisualStudioVersion = 10.0.40219.1
Project("{FAE04EC0-301F-11D3-BF4B-00C04F79EFBC}") = "PCalc", "PCalc.csproj", "{7122876B-53F1-4449-B7C9-4824C872D491}"
EndProject
Global
	GlobalSection(SolutionConfigurationPlatforms) = preSolution
		Debug|Any CPU = Debug|Any CPU
		Release|Any CPU = Release|Any CPU
	EndGlobalSection
	GlobalSection(ProjectConfigurationPlatforms) = postSolution
		{7122876B-53F1-4449-B7C9-4824C872D491}.Debug|Any CPU.ActiveCfg = Debug|Any CPU
		{7122876B-53F1-4449-B7C9-4824C872D491}.Debug|Any CPU.Build.0 = Debug|Any CPU
		{7122876B-53F1-4449-B7C9-4824C872D491}.Release|Any CPU.ActiveCfg = Release|Any CPU
		{7122876B-53F1-4449-B7C9-4824C872D491}.Release|Any CPU.Build.0 = Release|Any CPU
	EndGlobalSection
	GlobalSection(SolutionProperties) = preSolution
		HideSolutionNode = FALSE
	EndGlobalSection
	GlobalSection(ExtensibilityGlobals) = postSolution
		SolutionGuid = {B29629B7-ADD4-4564-95F9-3A2C5171EC09}
	EndGlobalSection
EndGlobal
